PODS:
  - ZypeAppleTVBase (0.3.2)

DEPENDENCIES:
  - ZypeAppleTVBase (from `../ZypeAppleTVBase`)

EXTERNAL SOURCES:
  ZypeAppleTVBase:
    :path: "../ZypeAppleTVBase"

SPEC CHECKSUMS:
  ZypeAppleTVBase: b5a452322f343bcd5a93948d07d654c9c9f26cac

PODFILE CHECKSUM: b915a30117dfba03000f517eff633d9aab8fd6e3

COCOAPODS: 1.2.0.beta.1
